// !$*UTF8*$!
{
	archiveVersion = 1;
	classes = {
	};
	objectVersion = 48;
	objects = {

/* Begin PBXBuildFile section */
		57B118EE211400D17E9AC5A5 /* Pods_ItunesMusicPreview.framework in Frameworks */ = {isa = PBXBuildFile; fileRef = DB9871C769AA1D33F0FEE391 /* Pods_ItunesMusicPreview.framework */; };
		EEBEF6511F9C46D900331824 /* AppDelegate.swift in Sources */ = {isa = PBXBuildFile; fileRef = EEBEF6501F9C46D900331824 /* AppDelegate.swift */; };
		EEBEF6561F9C46D900331824 /* Main.storyboard in Resources */ = {isa = PBXBuildFile; fileRef = EEBEF6541F9C46D900331824 /* Main.storyboard */; };
		EEBEF6581F9C46D900331824 /* Assets.xcassets in Resources */ = {isa = PBXBuildFile; fileRef = EEBEF6571F9C46D900331824 /* Assets.xcassets */; };
		EEBEF65B1F9C46D900331824 /* LaunchScreen.storyboard in Resources */ = {isa = PBXBuildFile; fileRef = EEBEF6591F9C46D900331824 /* LaunchScreen.storyboard */; };
		EEBEF6651F9C4B9C00331824 /* MusicTableViewController.swift in Sources */ = {isa = PBXBuildFile; fileRef = EEBEF6641F9C4B9C00331824 /* MusicTableViewController.swift */; };
		EEBEF6681F9C51F500331824 /* SearchHistoryTableViewCell.swift in Sources */ = {isa = PBXBuildFile; fileRef = EEBEF6671F9C51F500331824 /* SearchHistoryTableViewCell.swift */; };
		EEBEF66A1F9C520200331824 /* SearchResultTableViewCell.swift in Sources */ = {isa = PBXBuildFile; fileRef = EEBEF6691F9C520200331824 /* SearchResultTableViewCell.swift */; };
		EEBEF66D1F9C55C200331824 /* Cache.swift in Sources */ = {isa = PBXBuildFile; fileRef = EEBEF66C1F9C55C200331824 /* Cache.swift */; };
		EEBEF66F1F9C56E500331824 /* Constants.swift in Sources */ = {isa = PBXBuildFile; fileRef = EEBEF66E1F9C56E500331824 /* Constants.swift */; };
/* End PBXBuildFile section */

/* Begin PBXFileReference section */
		3E93E9247095F93D167D5615 /* Pods-ItunesMusicPreview.release.xcconfig */ = {isa = PBXFileReference; includeInIndex = 1; lastKnownFileType = text.xcconfig; name = "Pods-ItunesMusicPreview.release.xcconfig"; path = "Pods/Target Support Files/Pods-ItunesMusicPreview/Pods-ItunesMusicPreview.release.xcconfig"; sourceTree = "<group>"; };
		AC250E2421560DCC3BE73C10 /* Pods-ItunesMusicPreview.debug.xcconfig */ = {isa = PBXFileReference; includeInIndex = 1; lastKnownFileType = text.xcconfig; name = "Pods-ItunesMusicPreview.debug.xcconfig"; path = "Pods/Target Support Files/Pods-ItunesMusicPreview/Pods-ItunesMusicPreview.debug.xcconfig"; sourceTree = "<group>"; };
		DB9871C769AA1D33F0FEE391 /* Pods_ItunesMusicPreview.framework */ = {isa = PBXFileReference; explicitFileType = wrapper.framework; includeInIndex = 0; path = Pods_ItunesMusicPreview.framework; sourceTree = BUILT_PRODUCTS_DIR; };
		EEBEF64D1F9C46D900331824 /* ItunesMusicPreview.app */ = {isa = PBXFileReference; explicitFileType = wrapper.application; includeInIndex = 0; path = ItunesMusicPreview.app; sourceTree = BUILT_PRODUCTS_DIR; };
		EEBEF6501F9C46D900331824 /* AppDelegate.swift */ = {isa = PBXFileReference; lastKnownFileType = sourcecode.swift; path = AppDelegate.swift; sourceTree = "<group>"; };
		EEBEF6551F9C46D900331824 /* Base */ = {isa = PBXFileReference; lastKnownFileType = file.storyboard; name = Base; path = Base.lproj/Main.storyboard; sourceTree = "<group>"; };
		EEBEF6571F9C46D900331824 /* Assets.xcassets */ = {isa = PBXFileReference; lastKnownFileType = folder.assetcatalog; path = Assets.xcassets; sourceTree = "<group>"; };
		EEBEF65A1F9C46D900331824 /* Base */ = {isa = PBXFileReference; lastKnownFileType = file.storyboard; name = Base; path = Base.lproj/LaunchScreen.storyboard; sourceTree = "<group>"; };
		EEBEF65C1F9C46D900331824 /* Info.plist */ = {isa = PBXFileReference; lastKnownFileType = text.plist.xml; path = Info.plist; sourceTree = "<group>"; };
		EEBEF6641F9C4B9C00331824 /* MusicTableViewController.swift */ = {isa = PBXFileReference; lastKnownFileType = sourcecode.swift; path = MusicTableViewController.swift; sourceTree = "<group>"; };
		EEBEF6671F9C51F500331824 /* SearchHistoryTableViewCell.swift */ = {isa = PBXFileReference; lastKnownFileType = sourcecode.swift; path = SearchHistoryTableViewCell.swift; sourceTree = "<group>"; };
		EEBEF6691F9C520200331824 /* SearchResultTableViewCell.swift */ = {isa = PBXFileReference; lastKnownFileType = sourcecode.swift; path = SearchResultTableViewCell.swift; sourceTree = "<group>"; };
		EEBEF66C1F9C55C200331824 /* Cache.swift */ = {isa = PBXFileReference; lastKnownFileType = sourcecode.swift; path = Cache.swift; sourceTree = "<group>"; };
		EEBEF66E1F9C56E500331824 /* Constants.swift */ = {isa = PBXFileReference; lastKnownFileType = sourcecode.swift; path = Constants.swift; sourceTree = "<group>"; };
/* End PBXFileReference section */

/* Begin PBXFrameworksBuildPhase section */
		EEBEF64A1F9C46D800331824 /* Frameworks */ = {
			isa = PBXFrameworksBuildPhase;
			buildActionMask = 2147483647;
			files = (
				57B118EE211400D17E9AC5A5 /* Pods_ItunesMusicPreview.framework in Frameworks */,
			);
			runOnlyForDeploymentPostprocessing = 0;
		};
/* End PBXFrameworksBuildPhase section */

/* Begin PBXGroup section */
		1634DE20A06A7A7FE92F5718 /* Frameworks */ = {
			isa = PBXGroup;
			children = (
				DB9871C769AA1D33F0FEE391 /* Pods_ItunesMusicPreview.framework */,
			);
			name = Frameworks;
			sourceTree = "<group>";
		};
		4D9DE05F8625586B0884E573 /* Pods */ = {
			isa = PBXGroup;
			children = (
				AC250E2421560DCC3BE73C10 /* Pods-ItunesMusicPreview.debug.xcconfig */,
				3E93E9247095F93D167D5615 /* Pods-ItunesMusicPreview.release.xcconfig */,
			);
			name = Pods;
			sourceTree = "<group>";
		};
		EEBEF6441F9C46D800331824 = {
			isa = PBXGroup;
			children = (
				EEBEF64F1F9C46D900331824 /* ItunesMusicPreview */,
				EEBEF64E1F9C46D900331824 /* Products */,
				4D9DE05F8625586B0884E573 /* Pods */,
				1634DE20A06A7A7FE92F5718 /* Frameworks */,
			);
			sourceTree = "<group>";
		};
		EEBEF64E1F9C46D900331824 /* Products */ = {
			isa = PBXGroup;
			children = (
				EEBEF64D1F9C46D900331824 /* ItunesMusicPreview.app */,
			);
			name = Products;
			sourceTree = "<group>";
		};
		EEBEF64F1F9C46D900331824 /* ItunesMusicPreview */ = {
			isa = PBXGroup;
			children = (
				EEBEF66B1F9C55A500331824 /* Utility */,
				EEBEF6661F9C51DC00331824 /* Views */,
				EEBEF6631F9C4B7200331824 /* Viewcontrollers */,
				EEBEF6621F9C4B6B00331824 /* Storyboards */,
				EEBEF6501F9C46D900331824 /* AppDelegate.swift */,
				EEBEF6591F9C46D900331824 /* LaunchScreen.storyboard */,
				EEBEF6571F9C46D900331824 /* Assets.xcassets */,
				EEBEF65C1F9C46D900331824 /* Info.plist */,
			);
			path = ItunesMusicPreview;
			sourceTree = "<group>";
		};
		EEBEF6621F9C4B6B00331824 /* Storyboards */ = {
			isa = PBXGroup;
			children = (
				EEBEF6541F9C46D900331824 /* Main.storyboard */,
			);
			path = Storyboards;
			sourceTree = "<group>";
		};
		EEBEF6631F9C4B7200331824 /* Viewcontrollers */ = {
			isa = PBXGroup;
			children = (
				EEBEF6641F9C4B9C00331824 /* MusicTableViewController.swift */,
			);
			path = Viewcontrollers;
			sourceTree = "<group>";
		};
		EEBEF6661F9C51DC00331824 /* Views */ = {
			isa = PBXGroup;
			children = (
				EEBEF6671F9C51F500331824 /* SearchHistoryTableViewCell.swift */,
				EEBEF6691F9C520200331824 /* SearchResultTableViewCell.swift */,
			);
			path = Views;
			sourceTree = "<group>";
		};
		EEBEF66B1F9C55A500331824 /* Utility */ = {
			isa = PBXGroup;
			children = (
				EEBEF66C1F9C55C200331824 /* Cache.swift */,
				EEBEF66E1F9C56E500331824 /* Constants.swift */,
			);
			path = Utility;
			sourceTree = "<group>";
		};
/* End PBXGroup section */

/* Begin PBXNativeTarget section */
		EEBEF64C1F9C46D800331824 /* ItunesMusicPreview */ = {
			isa = PBXNativeTarget;
			buildConfigurationList = EEBEF65F1F9C46D900331824 /* Build configuration list for PBXNativeTarget "ItunesMusicPreview" */;
			buildPhases = (
				702D2E44E5C6E5D771DE75C1 /* [CP] Check Pods Manifest.lock */,
				EEBEF6491F9C46D800331824 /* Sources */,
				EEBEF64A1F9C46D800331824 /* Frameworks */,
				EEBEF64B1F9C46D800331824 /* Resources */,
				8569C918E440DA909B98F253 /* [CP] Embed Pods Frameworks */,
				9DDF50C11EBCD56D39866FF4 /* [CP] Copy Pods Resources */,
			);
			buildRules = (
			);
			dependencies = (
			);
			name = ItunesMusicPreview;
			productName = ItunesMusicPreview;
			productReference = EEBEF64D1F9C46D900331824 /* ItunesMusicPreview.app */;
			productType = "com.apple.product-type.application";
		};
/* End PBXNativeTarget section */

/* Begin PBXProject section */
		EEBEF6451F9C46D800331824 /* Project object */ = {
			isa = PBXProject;
			attributes = {
				LastSwiftUpdateCheck = 0900;
				LastUpgradeCheck = 0900;
				ORGANIZATIONNAME = "Xinming DAI";
				TargetAttributes = {
					EEBEF64C1F9C46D800331824 = {
						CreatedOnToolsVersion = 9.0;
						ProvisioningStyle = Automatic;
					};
				};
			};
			buildConfigurationList = EEBEF6481F9C46D800331824 /* Build configuration list for PBXProject "ItunesMusicPreview" */;
			compatibilityVersion = "Xcode 8.0";
			developmentRegion = en;
			hasScannedForEncodings = 0;
			knownRegions = (
				en,
				Base,
			);
			mainGroup = EEBEF6441F9C46D800331824;
			productRefGroup = EEBEF64E1F9C46D900331824 /* Products */;
			projectDirPath = "";
			projectRoot = "";
			targets = (
				EEBEF64C1F9C46D800331824 /* ItunesMusicPreview */,
			);
		};
/* End PBXProject section */

/* Begin PBXResourcesBuildPhase section */
		EEBEF64B1F9C46D800331824 /* Resources */ = {
			isa = PBXResourcesBuildPhase;
			buildActionMask = 2147483647;
			files = (
				EEBEF65B1F9C46D900331824 /* LaunchScreen.storyboard in Resources */,
				EEBEF6581F9C46D900331824 /* Assets.xcassets in Resources */,
				EEBEF6561F9C46D900331824 /* Main.storyboard in Resources */,
			);
			runOnlyForDeploymentPostprocessing = 0;
		};
/* End PBXResourcesBuildPhase section */

/* Begin PBXShellScriptBuildPhase section */
		702D2E44E5C6E5D771DE75C1 /* [CP] Check Pods Manifest.lock */ = {
			isa = PBXShellScriptBuildPhase;
			buildActionMask = 2147483647;
			files = (
			);
			inputPaths = (
			);
			name = "[CP] Check Pods Manifest.lock";
			outputPaths = (
			);
			runOnlyForDeploymentPostprocessing = 0;
			shellPath = /bin/sh;
			shellScript = "diff \"${PODS_PODFILE_DIR_PATH}/Podfile.lock\" \"${PODS_ROOT}/Manifest.lock\" > /dev/null\nif [ $? != 0 ] ; then\n    # print error to STDERR\n    echo \"error: The sandbox is not in sync with the Podfile.lock. Run 'pod install' or update your CocoaPods installation.\" >&2\n    exit 1\nfi\n";
			showEnvVarsInLog = 0;
		};
		8569C918E440DA909B98F253 /* [CP] Embed Pods Frameworks */ = {
			isa = PBXShellScriptBuildPhase;
			buildActionMask = 2147483647;
			files = (
			);
			inputPaths = (
			);
			name = "[CP] Embed Pods Frameworks";
			outputPaths = (
			);
			runOnlyForDeploymentPostprocessing = 0;
			shellPath = /bin/sh;
			shellScript = "\"${SRCROOT}/Pods/Target Support Files/Pods-ItunesMusicPreview/Pods-ItunesMusicPreview-frameworks.sh\"\n";
			showEnvVarsInLog = 0;
		};
		9DDF50C11EBCD56D39866FF4 /* [CP] Copy Pods Resources */ = {
			isa = PBXShellScriptBuildPhase;
			buildActionMask = 2147483647;
			files = (
			);
			inputPaths = (
			);
			name = "[CP] Copy Pods Resources";
			outputPaths = (
			);
			runOnlyForDeploymentPostprocessing = 0;
			shellPath = /bin/sh;
			shellScript = "\"${SRCROOT}/Pods/Target Support Files/Pods-ItunesMusicPreview/Pods-ItunesMusicPreview-resources.sh\"\n";
			showEnvVarsInLog = 0;
		};
/* End PBXShellScriptBuildPhase section */

/* Begin PBXSourcesBuildPhase section */
		EEBEF6491F9C46D800331824 /* Sources */ = {
			isa = PBXSourcesBuildPhase;
			buildActionMask = 2147483647;
			files = (
				EEBEF6511F9C46D900331824 /* AppDelegate.swift in Sources */,
				EEBEF66D1F9C55C200331824 /* Cache.swift in Sources */,
				EEBEF6681F9C51F500331824 /* SearchHistoryTableViewCell.swift in Sources */,
				EEBEF66A1F9C520200331824 /* SearchResultTableViewCell.swift in Sources */,
				EEBEF6651F9C4B9C00331824 /* MusicTableViewController.swift in Sources */,
				EEBEF66F1F9C56E500331824 /* Constants.swift in Sources */,
			);
			runOnlyForDeploymentPostprocessing = 0;
		};
/* End PBXSourcesBuildPhase section */

/* Begin PBXVariantGroup section */
		EEBEF6541F9C46D900331824 /* Main.storyboard */ = {
			isa = PBXVariantGroup;
			children = (
				EEBEF6551F9C46D900331824 /* Base */,
			);
			name = Main.storyboard;
			sourceTree = "<group>";
		};
		EEBEF6591F9C46D900331824 /* LaunchScreen.storyboard */ = {
			isa = PBXVariantGroup;
			children = (
				EEBEF65A1F9C46D900331824 /* Base */,
			);
			name = LaunchScreen.storyboard;
			sourceTree = "<group>";
		};
/* End PBXVariantGroup section */

/* Begin XCBuildConfiguration section */
		EEBEF65D1F9C46D900331824 /* Debug */ = {
			isa = XCBuildConfiguration;
			buildSettings = {
				ALWAYS_SEARCH_USER_PATHS = NO;
				CLANG_ANALYZER_NONNULL = YES;
				CLANG_ANALYZER_NUMBER_OBJECT_CONVERSION = YES_AGGRESSIVE;
				CLANG_CXX_LANGUAGE_STANDARD = "gnu++14";
				CLANG_CXX_LIBRARY = "libc++";
				CLANG_ENABLE_MODULES = YES;
				CLANG_ENABLE_OBJC_ARC = YES;
				CLANG_WARN_BLOCK_CAPTURE_AUTORELEASING = YES;
				CLANG_WARN_BOOL_CONVERSION = YES;
				CLANG_WARN_COMMA = YES;
				CLANG_WARN_CONSTANT_CONVERSION = YES;
				CLANG_WARN_DIRECT_OBJC_ISA_USAGE = YES_ERROR;
				CLANG_WARN_DOCUMENTATION_COMMENTS = YES;
				CLANG_WARN_EMPTY_BODY = YES;
				CLANG_WARN_ENUM_CONVERSION = YES;
				CLANG_WARN_INFINITE_RECURSION = YES;
				CLANG_WARN_INT_CONVERSION = YES;
				CLANG_WARN_NON_LITERAL_NULL_CONVERSION = YES;
				CLANG_WARN_OBJC_LITERAL_CONVERSION = YES;
				CLANG_WARN_OBJC_ROOT_CLASS = YES_ERROR;
				CLANG_WARN_RANGE_LOOP_ANALYSIS = YES;
				CLANG_WARN_STRICT_PROTOTYPES = YES;
				CLANG_WARN_SUSPICIOUS_MOVE = YES;
				CLANG_WARN_UNGUARDED_AVAILABILITY = YES_AGGRESSIVE;
				CLANG_WARN_UNREACHABLE_CODE = YES;
				CLANG_WARN__DUPLICATE_METHOD_MATCH = YES;
				CODE_SIGN_IDENTITY = "iPhone Developer";
				COPY_PHASE_STRIP = NO;
				DEBUG_INFORMATION_FORMAT = dwarf;
				ENABLE_STRICT_OBJC_MSGSEND = YES;
				ENABLE_TESTABILITY = YES;
				GCC_C_LANGUAGE_STANDARD = gnu11;
				GCC_DYNAMIC_NO_PIC = NO;
				GCC_NO_COMMON_BLOCKS = YES;
				GCC_OPTIMIZATION_LEVEL = 0;
				GCC_PREPROCESSOR_DEFINITIONS = (
					"DEBUG=1",
					"$(inherited)",
				);
				GCC_WARN_64_TO_32_BIT_CONVERSION = YES;
				GCC_WARN_ABOUT_RETURN_TYPE = YES_ERROR;
				GCC_WARN_UNDECLARED_SELECTOR = YES;
				GCC_WARN_UNINITIALIZED_AUTOS = YES_AGGRESSIVE;
				GCC_WARN_UNUSED_FUNCTION = YES;
				GCC_WARN_UNUSED_VARIABLE = YES;
				IPHONEOS_DEPLOYMENT_TARGET = 11.0;
				MTL_ENABLE_DEBUG_INFO = YES;
				ONLY_ACTIVE_ARCH = YES;
				SDKROOT = iphoneos;
				SWIFT_ACTIVE_COMPILATION_CONDITIONS = DEBUG;
				SWIFT_OPTIMIZATION_LEVEL = "-Onone";
			};
			name = Debug;
		};
		EEBEF65E1F9C46D900331824 /* Release */ = {
			isa = XCBuildConfiguration;
			buildSettings = {
				ALWAYS_SEARCH_USER_PATHS = NO;
				CLANG_ANALYZER_NONNULL = YES;
				CLANG_ANALYZER_NUMBER_OBJECT_CONVERSION = YES_AGGRESSIVE;
				CLANG_CXX_LANGUAGE_STANDARD = "gnu++14";
				CLANG_CXX_LIBRARY = "libc++";
				CLANG_ENABLE_MODULES = YES;
				CLANG_ENABLE_OBJC_ARC = YES;
				CLANG_WARN_BLOCK_CAPTURE_AUTORELEASING = YES;
				CLANG_WARN_BOOL_CONVERSION = YES;
				CLANG_WARN_COMMA = YES;
				CLANG_WARN_CONSTANT_CONVERSION = YES;
				CLANG_WARN_DIRECT_OBJC_ISA_USAGE = YES_ERROR;
				CLANG_WARN_DOCUMENTATION_COMMENTS = YES;
				CLANG_WARN_EMPTY_BODY = YES;
				CLANG_WARN_ENUM_CONVERSION = YES;
				CLANG_WARN_INFINITE_RECURSION = YES;
				CLANG_WARN_INT_CONVERSION = YES;
				CLANG_WARN_NON_LITERAL_NULL_CONVERSION = YES;
				CLANG_WARN_OBJC_LITERAL_CONVERSION = YES;
				CLANG_WARN_OBJC_ROOT_CLASS = YES_ERROR;
				CLANG_WARN_RANGE_LOOP_ANALYSIS = YES;
				CLANG_WARN_STRICT_PROTOTYPES = YES;
				CLANG_WARN_SUSPICIOUS_MOVE = YES;
				CLANG_WARN_UNGUARDED_AVAILABILITY = YES_AGGRESSIVE;
				CLANG_WARN_UNREACHABLE_CODE = YES;
				CLANG_WARN__DUPLICATE_METHOD_MATCH = YES;
				CODE_SIGN_IDENTITY = "iPhone Developer";
				COPY_PHASE_STRIP = NO;
				DEBUG_INFORMATION_FORMAT = "dwarf-with-dsym";
				ENABLE_NS_ASSERTIONS = NO;
				ENABLE_STRICT_OBJC_MSGSEND = YES;
				GCC_C_LANGUAGE_STANDARD = gnu11;
				GCC_NO_COMMON_BLOCKS = YES;
				GCC_WARN_64_TO_32_BIT_CONVERSION = YES;
				GCC_WARN_ABOUT_RETURN_TYPE = YES_ERROR;
				GCC_WARN_UNDECLARED_SELECTOR = YES;
				GCC_WARN_UNINITIALIZED_AUTOS = YES_AGGRESSIVE;
				GCC_WARN_UNUSED_FUNCTION = YES;
				GCC_WARN_UNUSED_VARIABLE = YES;
				IPHONEOS_DEPLOYMENT_TARGET = 11.0;
				MTL_ENABLE_DEBUG_INFO = NO;
				SDKROOT = iphoneos;
				SWIFT_OPTIMIZATION_LEVEL = "-Owholemodule";
				VALIDATE_PRODUCT = YES;
			};
			name = Release;
		};
		EEBEF6601F9C46D900331824 /* Debug */ = {
			isa = XCBuildConfiguration;
			baseConfigurationReference = AC250E2421560DCC3BE73C10 /* Pods-ItunesMusicPreview.debug.xcconfig */;
			buildSettings = {
				ASSETCATALOG_COMPILER_APPICON_NAME = AppIcon;
				CODE_SIGN_STYLE = Automatic;
				DEVELOPMENT_TEAM = 23X5258S94;
				INFOPLIST_FILE = ItunesMusicPreview/Info.plist;
				IPHONEOS_DEPLOYMENT_TARGET = 9.0;
				LD_RUNPATH_SEARCH_PATHS = "$(inherited) @executable_path/Frameworks";
				PRODUCT_BUNDLE_IDENTIFIER = me.desmonddai.ItunesMusicPreview;
				PRODUCT_NAME = "$(TARGET_NAME)";
				SWIFT_VERSION = 4.0;
				TARGETED_DEVICE_FAMILY = "1,2";
			};
			name = Debug;
		};
		EEBEF6611F9C46D900331824 /* Release */ = {
			isa = XCBuildConfiguration;
			baseConfigurationReference = 3E93E9247095F93D167D5615 /* Pods-ItunesMusicPreview.release.xcconfig */;
			buildSettings = {
				ASSETCATALOG_COMPILER_APPICON_NAME = AppIcon;
				CODE_SIGN_STYLE = Automatic;
				DEVELOPMENT_TEAM = 23X5258S94;
				INFOPLIST_FILE = ItunesMusicPreview/Info.plist;
				IPHONEOS_DEPLOYMENT_TARGET = 9.0;
				LD_RUNPATH_SEARCH_PATHS = "$(inherited) @executable_path/Frameworks";
				PRODUCT_BUNDLE_IDENTIFIER = me.desmonddai.ItunesMusicPreview;
				PRODUCT_NAME = "$(TARGET_NAME)";
				SWIFT_VERSION = 4.0;
				TARGETED_DEVICE_FAMILY = "1,2";
			};
			name = Release;
		};
/* End XCBuildConfiguration section */

/* Begin XCConfigurationList section */
		EEBEF6481F9C46D800331824 /* Build configuration list for PBXProject "ItunesMusicPreview" */ = {
			isa = XCConfigurationList;
			buildConfigurations = (
				EEBEF65D1F9C46D900331824 /* Debug */,
				EEBEF65E1F9C46D900331824 /* Release */,
			);
			defaultConfigurationIsVisible = 0;
			defaultConfigurationName = Release;
		};
		EEBEF65F1F9C46D900331824 /* Build configuration list for PBXNativeTarget "ItunesMusicPreview" */ = {
			isa = XCConfigurationList;
			buildConfigurations = (
				EEBEF6601F9C46D900331824 /* Debug */,
				EEBEF6611F9C46D900331824 /* Release */,
			);
			defaultConfigurationIsVisible = 0;
			defaultConfigurationName = Release;
		};
/* End XCConfigurationList section */
	};
	rootObject = EEBEF6451F9C46D800331824 /* Project object */;
}
